
Microsoft Visual Studio Solution File, Format Version 12.00
# Visual Studio Version 17
VisualStudioVersion = 17.0.31903.59
MinimumVisualStudioVersion = 10.0.40219.1
Project("{2150E333-8FDC-42A3-9474-1A3956D46DE8}") = "src", "src", "{58B7623C-8AF9-425F-B01B-B87B776C138C}"
EndProject
Project("{FAE04EC0-301F-11D3-BF4B-00C04F79EFBC}") = "LMS.API", "src\LMS.API\LMS.API.csproj", "{5A989F86-3337-4215-9FBB-6C664CAF84E2}"
EndProject
Project("{FAE04EC0-301F-11D3-BF4B-00C04F79EFBC}") = "LMS.Domain", "src\LMS.Domain\LMS.Domain.csproj", "{CDB574BC-76FA-47FD-9577-DCAADD0E5FCF}"
EndProject
Project("{FAE04EC0-301F-11D3-BF4B-00C04F79EFBC}") = "LMS.Application", "src\LMS.Application\LMS.Application.csproj", "{91A263C3-5B71-4F53-9319-4B55B78E797E}"
EndProject
Project("{FAE04EC0-301F-11D3-BF4B-00C04F79EFBC}") = "LMS.Infrastructure", "src\LMS.Infrastructure\LMS.Infrastructure.csproj", "{F6ED90EA-85AF-4C50-8306-46C8BBB0BC4B}"
EndProject
Global
	GlobalSection(SolutionConfigurationPlatforms) = preSolution
		Debug|Any CPU = Debug|Any CPU
		Release|Any CPU = Release|Any CPU
	EndGlobalSection
	GlobalSection(SolutionProperties) = preSolution
		HideSolutionNode = FALSE
	EndGlobalSection
	GlobalSection(ProjectConfigurationPlatforms) = postSolution
		{5A989F86-3337-4215-9FBB-6C664CAF84E2}.Debug|Any CPU.ActiveCfg = Debug|Any CPU
		{5A989F86-3337-4215-9FBB-6C664CAF84E2}.Debug|Any CPU.Build.0 = Debug|Any CPU
		{5A989F86-3337-4215-9FBB-6C664CAF84E2}.Release|Any CPU.ActiveCfg = Release|Any CPU
		{5A989F86-3337-4215-9FBB-6C664CAF84E2}.Release|Any CPU.Build.0 = Release|Any CPU
		{CDB574BC-76FA-47FD-9577-DCAADD0E5FCF}.Debug|Any CPU.ActiveCfg = Debug|Any CPU
		{CDB574BC-76FA-47FD-9577-DCAADD0E5FCF}.Debug|Any CPU.Build.0 = Debug|Any CPU
		{CDB574BC-76FA-47FD-9577-DCAADD0E5FCF}.Release|Any CPU.ActiveCfg = Release|Any CPU
		{CDB574BC-76FA-47FD-9577-DCAADD0E5FCF}.Release|Any CPU.Build.0 = Release|Any CPU
		{91A263C3-5B71-4F53-9319-4B55B78E797E}.Debug|Any CPU.ActiveCfg = Debug|Any CPU
		{91A263C3-5B71-4F53-9319-4B55B78E797E}.Debug|Any CPU.Build.0 = Debug|Any CPU
		{91A263C3-5B71-4F53-9319-4B55B78E797E}.Release|Any CPU.ActiveCfg = Release|Any CPU
		{91A263C3-5B71-4F53-9319-4B55B78E797E}.Release|Any CPU.Build.0 = Release|Any CPU
		{F6ED90EA-85AF-4C50-8306-46C8BBB0BC4B}.Debug|Any CPU.ActiveCfg = Debug|Any CPU
		{F6ED90EA-85AF-4C50-8306-46C8BBB0BC4B}.Debug|Any CPU.Build.0 = Debug|Any CPU
		{F6ED90EA-85AF-4C50-8306-46C8BBB0BC4B}.Release|Any CPU.ActiveCfg = Release|Any CPU
		{F6ED90EA-85AF-4C50-8306-46C8BBB0BC4B}.Release|Any CPU.Build.0 = Release|Any CPU
	EndGlobalSection
	GlobalSection(NestedProjects) = preSolution
		{5A989F86-3337-4215-9FBB-6C664CAF84E2} = {58B7623C-8AF9-425F-B01B-B87B776C138C}
		{CDB574BC-76FA-47FD-9577-DCAADD0E5FCF} = {58B7623C-8AF9-425F-B01B-B87B776C138C}
		{91A263C3-5B71-4F53-9319-4B55B78E797E} = {58B7623C-8AF9-425F-B01B-B87B776C138C}
		{F6ED90EA-85AF-4C50-8306-46C8BBB0BC4B} = {58B7623C-8AF9-425F-B01B-B87B776C138C}
	EndGlobalSection
EndGlobal
